// !$*UTF8*$!
{
	archiveVersion = 1;
	classes = {
	};
	objectVersion = 51;
	objects = {

/* Begin PBXBuildFile section */
		7E99D884247EC871007BD4E9 /* HomeViewController.swift in Sources */ = {isa = PBXBuildFile; fileRef = 7E99D883247EC871007BD4E9 /* HomeViewController.swift */; };
		7ED6E9FA24882A98001F0C1F /* FormViewControler.swift in Sources */ = {isa = PBXBuildFile; fileRef = 7ED6E9F924882A98001F0C1F /* FormViewControler.swift */; };
		7EF009A6247DC6A100581F7A /* AppDelegate.swift in Sources */ = {isa = PBXBuildFile; fileRef = 7EF009A5247DC6A100581F7A /* AppDelegate.swift */; };
		7EF009A8247DC6A100581F7A /* SceneDelegate.swift in Sources */ = {isa = PBXBuildFile; fileRef = 7EF009A7247DC6A100581F7A /* SceneDelegate.swift */; };
		7EF009AA247DC6A100581F7A /* ViewController.swift in Sources */ = {isa = PBXBuildFile; fileRef = 7EF009A9247DC6A100581F7A /* ViewController.swift */; };
		7EF009AD247DC6A100581F7A /* Main.storyboard in Resources */ = {isa = PBXBuildFile; fileRef = 7EF009AB247DC6A100581F7A /* Main.storyboard */; };
		7EF009AF247DC6A300581F7A /* Assets.xcassets in Resources */ = {isa = PBXBuildFile; fileRef = 7EF009AE247DC6A300581F7A /* Assets.xcassets */; };
		7EF009B2247DC6A300581F7A /* LaunchScreen.storyboard in Resources */ = {isa = PBXBuildFile; fileRef = 7EF009B0247DC6A300581F7A /* LaunchScreen.storyboard */; };
		7EF009BD247DC6A300581F7A /* PG_EAppTests.swift in Sources */ = {isa = PBXBuildFile; fileRef = 7EF009BC247DC6A300581F7A /* PG_EAppTests.swift */; };
		7EF009C8247DC6A300581F7A /* PG_EAppUITests.swift in Sources */ = {isa = PBXBuildFile; fileRef = 7EF009C7247DC6A300581F7A /* PG_EAppUITests.swift */; };
		7EF009D6247DED4000581F7A /* GradientView.swift in Sources */ = {isa = PBXBuildFile; fileRef = 7EF009D5247DED4000581F7A /* GradientView.swift */; };
		AB44D05894184C15BB975DD0 /* Pods_PG_EApp_PG_EAppUITests.framework in Frameworks */ = {isa = PBXBuildFile; fileRef = A0B9C268A3FA6A4964039D3D /* Pods_PG_EApp_PG_EAppUITests.framework */; };
		ABEE6061DE22048B43A363CF /* Pods_PG_EApp.framework in Frameworks */ = {isa = PBXBuildFile; fileRef = 0E26475A0EF150FA60CC655C /* Pods_PG_EApp.framework */; };
		C347F6BC24860BFF00484657 /* mockedRequests.json in Resources */ = {isa = PBXBuildFile; fileRef = C347F6BB24860BFF00484657 /* mockedRequests.json */; };
		C358A982248497ED00AA920B /* Request.swift in Sources */ = {isa = PBXBuildFile; fileRef = C358A981248497ED00AA920B /* Request.swift */; };
		C358A98524849DBD00AA920B /* RequestTableViewCell.swift in Sources */ = {isa = PBXBuildFile; fileRef = C358A98424849DBD00AA920B /* RequestTableViewCell.swift */; };
		C358A9872484A27700AA920B /* RequestTableViewController.swift in Sources */ = {isa = PBXBuildFile; fileRef = C358A9862484A27700AA920B /* RequestTableViewController.swift */; };
		F21029DD13FD4EE170B2083A /* Pods_PG_EAppTests.framework in Frameworks */ = {isa = PBXBuildFile; fileRef = 5736F33A3A1710F3D58D8A3B /* Pods_PG_EAppTests.framework */; };
/* End PBXBuildFile section */

/* Begin PBXContainerItemProxy section */
		7EF009B9247DC6A300581F7A /* PBXContainerItemProxy */ = {
			isa = PBXContainerItemProxy;
			containerPortal = 7EF0099A247DC6A100581F7A /* Project object */;
			proxyType = 1;
			remoteGlobalIDString = 7EF009A1247DC6A100581F7A;
			remoteInfo = "PG&EApp";
		};
		7EF009C4247DC6A300581F7A /* PBXContainerItemProxy */ = {
			isa = PBXContainerItemProxy;
			containerPortal = 7EF0099A247DC6A100581F7A /* Project object */;
			proxyType = 1;
			remoteGlobalIDString = 7EF009A1247DC6A100581F7A;
			remoteInfo = "PG&EApp";
		};
/* End PBXContainerItemProxy section */

/* Begin PBXFileReference section */
		0E26475A0EF150FA60CC655C /* Pods_PG_EApp.framework */ = {isa = PBXFileReference; explicitFileType = wrapper.framework; includeInIndex = 0; path = Pods_PG_EApp.framework; sourceTree = BUILT_PRODUCTS_DIR; };
		370089A0604659D300D5C22D /* Pods-PG&EApp-PG&EAppUITests.release.xcconfig */ = {isa = PBXFileReference; includeInIndex = 1; lastKnownFileType = text.xcconfig; name = "Pods-PG&EApp-PG&EAppUITests.release.xcconfig"; path = "Target Support Files/Pods-PG&EApp-PG&EAppUITests/Pods-PG&EApp-PG&EAppUITests.release.xcconfig"; sourceTree = "<group>"; };
		5736F33A3A1710F3D58D8A3B /* Pods_PG_EAppTests.framework */ = {isa = PBXFileReference; explicitFileType = wrapper.framework; includeInIndex = 0; path = Pods_PG_EAppTests.framework; sourceTree = BUILT_PRODUCTS_DIR; };
		58D9FD5CCCBC5ECD2B586E97 /* Pods-PG&EApp.debug.xcconfig */ = {isa = PBXFileReference; includeInIndex = 1; lastKnownFileType = text.xcconfig; name = "Pods-PG&EApp.debug.xcconfig"; path = "Target Support Files/Pods-PG&EApp/Pods-PG&EApp.debug.xcconfig"; sourceTree = "<group>"; };
		7C0B4FF5CD5DE494E53D9E27 /* Pods-PG&EAppTests.debug.xcconfig */ = {isa = PBXFileReference; includeInIndex = 1; lastKnownFileType = text.xcconfig; name = "Pods-PG&EAppTests.debug.xcconfig"; path = "Target Support Files/Pods-PG&EAppTests/Pods-PG&EAppTests.debug.xcconfig"; sourceTree = "<group>"; };
		7E99D883247EC871007BD4E9 /* HomeViewController.swift */ = {isa = PBXFileReference; lastKnownFileType = sourcecode.swift; path = HomeViewController.swift; sourceTree = "<group>"; };
		7ED6E9F924882A98001F0C1F /* FormViewControler.swift */ = {isa = PBXFileReference; lastKnownFileType = sourcecode.swift; path = FormViewControler.swift; sourceTree = "<group>"; };
		7EF009A2247DC6A100581F7A /* PG&EApp.app */ = {isa = PBXFileReference; explicitFileType = wrapper.application; includeInIndex = 0; path = "PG&EApp.app"; sourceTree = BUILT_PRODUCTS_DIR; };
		7EF009A5247DC6A100581F7A /* AppDelegate.swift */ = {isa = PBXFileReference; lastKnownFileType = sourcecode.swift; path = AppDelegate.swift; sourceTree = "<group>"; };
		7EF009A7247DC6A100581F7A /* SceneDelegate.swift */ = {isa = PBXFileReference; lastKnownFileType = sourcecode.swift; path = SceneDelegate.swift; sourceTree = "<group>"; };
		7EF009A9247DC6A100581F7A /* ViewController.swift */ = {isa = PBXFileReference; lastKnownFileType = sourcecode.swift; path = ViewController.swift; sourceTree = "<group>"; };
		7EF009AC247DC6A100581F7A /* Base */ = {isa = PBXFileReference; lastKnownFileType = file.storyboard; name = Base; path = Base.lproj/Main.storyboard; sourceTree = "<group>"; };
		7EF009AE247DC6A300581F7A /* Assets.xcassets */ = {isa = PBXFileReference; lastKnownFileType = folder.assetcatalog; path = Assets.xcassets; sourceTree = "<group>"; };
		7EF009B1247DC6A300581F7A /* Base */ = {isa = PBXFileReference; lastKnownFileType = file.storyboard; name = Base; path = Base.lproj/LaunchScreen.storyboard; sourceTree = "<group>"; };
		7EF009B3247DC6A300581F7A /* Info.plist */ = {isa = PBXFileReference; lastKnownFileType = text.plist.xml; path = Info.plist; sourceTree = "<group>"; };
		7EF009B8247DC6A300581F7A /* PG&EAppTests.xctest */ = {isa = PBXFileReference; explicitFileType = wrapper.cfbundle; includeInIndex = 0; path = "PG&EAppTests.xctest"; sourceTree = BUILT_PRODUCTS_DIR; };
		7EF009BC247DC6A300581F7A /* PG_EAppTests.swift */ = {isa = PBXFileReference; lastKnownFileType = sourcecode.swift; path = PG_EAppTests.swift; sourceTree = "<group>"; };
		7EF009BE247DC6A300581F7A /* Info.plist */ = {isa = PBXFileReference; lastKnownFileType = text.plist.xml; path = Info.plist; sourceTree = "<group>"; };
		7EF009C3247DC6A300581F7A /* PG&EAppUITests.xctest */ = {isa = PBXFileReference; explicitFileType = wrapper.cfbundle; includeInIndex = 0; path = "PG&EAppUITests.xctest"; sourceTree = BUILT_PRODUCTS_DIR; };
		7EF009C7247DC6A300581F7A /* PG_EAppUITests.swift */ = {isa = PBXFileReference; lastKnownFileType = sourcecode.swift; path = PG_EAppUITests.swift; sourceTree = "<group>"; };
		7EF009C9247DC6A300581F7A /* Info.plist */ = {isa = PBXFileReference; lastKnownFileType = text.plist.xml; path = Info.plist; sourceTree = "<group>"; };
		7EF009D5247DED4000581F7A /* GradientView.swift */ = {isa = PBXFileReference; lastKnownFileType = sourcecode.swift; path = GradientView.swift; sourceTree = "<group>"; };
		84E7F47592209B4ADAC02055 /* Pods-PG&EAppTests.release.xcconfig */ = {isa = PBXFileReference; includeInIndex = 1; lastKnownFileType = text.xcconfig; name = "Pods-PG&EAppTests.release.xcconfig"; path = "Target Support Files/Pods-PG&EAppTests/Pods-PG&EAppTests.release.xcconfig"; sourceTree = "<group>"; };
		A0B9C268A3FA6A4964039D3D /* Pods_PG_EApp_PG_EAppUITests.framework */ = {isa = PBXFileReference; explicitFileType = wrapper.framework; includeInIndex = 0; path = Pods_PG_EApp_PG_EAppUITests.framework; sourceTree = BUILT_PRODUCTS_DIR; };
		C0D743285D1FA13FF1B9DC1C /* Pods-PG&EApp-PG&EAppUITests.debug.xcconfig */ = {isa = PBXFileReference; includeInIndex = 1; lastKnownFileType = text.xcconfig; name = "Pods-PG&EApp-PG&EAppUITests.debug.xcconfig"; path = "Target Support Files/Pods-PG&EApp-PG&EAppUITests/Pods-PG&EApp-PG&EAppUITests.debug.xcconfig"; sourceTree = "<group>"; };
		C347F6BB24860BFF00484657 /* mockedRequests.json */ = {isa = PBXFileReference; lastKnownFileType = text.json; path = mockedRequests.json; sourceTree = "<group>"; xcLanguageSpecificationIdentifier = xcode.lang.json; };
		C358A981248497ED00AA920B /* Request.swift */ = {isa = PBXFileReference; lastKnownFileType = sourcecode.swift; path = Request.swift; sourceTree = "<group>"; };
		C358A98424849DBD00AA920B /* RequestTableViewCell.swift */ = {isa = PBXFileReference; lastKnownFileType = sourcecode.swift; path = RequestTableViewCell.swift; sourceTree = "<group>"; };
		C358A9862484A27700AA920B /* RequestTableViewController.swift */ = {isa = PBXFileReference; lastKnownFileType = sourcecode.swift; path = RequestTableViewController.swift; sourceTree = "<group>"; };
		E71D7AA17D8618C6D4C9871A /* Pods-PG&EApp.release.xcconfig */ = {isa = PBXFileReference; includeInIndex = 1; lastKnownFileType = text.xcconfig; name = "Pods-PG&EApp.release.xcconfig"; path = "Target Support Files/Pods-PG&EApp/Pods-PG&EApp.release.xcconfig"; sourceTree = "<group>"; };
/* End PBXFileReference section */

/* Begin PBXFrameworksBuildPhase section */
		7EF0099F247DC6A100581F7A /* Frameworks */ = {
			isa = PBXFrameworksBuildPhase;
			buildActionMask = 2147483647;
			files = (
				ABEE6061DE22048B43A363CF /* Pods_PG_EApp.framework in Frameworks */,
			);
			runOnlyForDeploymentPostprocessing = 0;
		};
		7EF009B5247DC6A300581F7A /* Frameworks */ = {
			isa = PBXFrameworksBuildPhase;
			buildActionMask = 2147483647;
			files = (
				F21029DD13FD4EE170B2083A /* Pods_PG_EAppTests.framework in Frameworks */,
			);
			runOnlyForDeploymentPostprocessing = 0;
		};
		7EF009C0247DC6A300581F7A /* Frameworks */ = {
			isa = PBXFrameworksBuildPhase;
			buildActionMask = 2147483647;
			files = (
				AB44D05894184C15BB975DD0 /* Pods_PG_EApp_PG_EAppUITests.framework in Frameworks */,
			);
			runOnlyForDeploymentPostprocessing = 0;
		};
/* End PBXFrameworksBuildPhase section */

/* Begin PBXGroup section */
		2A8B1655A7551200FFFBD0E4 /* Pods */ = {
			isa = PBXGroup;
			children = (
				58D9FD5CCCBC5ECD2B586E97 /* Pods-PG&EApp.debug.xcconfig */,
				E71D7AA17D8618C6D4C9871A /* Pods-PG&EApp.release.xcconfig */,
				C0D743285D1FA13FF1B9DC1C /* Pods-PG&EApp-PG&EAppUITests.debug.xcconfig */,
				370089A0604659D300D5C22D /* Pods-PG&EApp-PG&EAppUITests.release.xcconfig */,
				7C0B4FF5CD5DE494E53D9E27 /* Pods-PG&EAppTests.debug.xcconfig */,
				84E7F47592209B4ADAC02055 /* Pods-PG&EAppTests.release.xcconfig */,
			);
			path = Pods;
			sourceTree = "<group>";
		};
		7EF00999247DC6A100581F7A = {
			isa = PBXGroup;
			children = (
				7EF009A4247DC6A100581F7A /* PG&EApp */,
				7EF009BB247DC6A300581F7A /* PG&EAppTests */,
				7EF009C6247DC6A300581F7A /* PG&EAppUITests */,
				7EF009A3247DC6A100581F7A /* Products */,
				2A8B1655A7551200FFFBD0E4 /* Pods */,
				A3D597FD73A4F8064EBCA18A /* Frameworks */,
			);
			sourceTree = "<group>";
		};
		7EF009A3247DC6A100581F7A /* Products */ = {
			isa = PBXGroup;
			children = (
				7EF009A2247DC6A100581F7A /* PG&EApp.app */,
				7EF009B8247DC6A300581F7A /* PG&EAppTests.xctest */,
				7EF009C3247DC6A300581F7A /* PG&EAppUITests.xctest */,
			);
			name = Products;
			sourceTree = "<group>";
		};
		7EF009A4247DC6A100581F7A /* PG&EApp */ = {
			isa = PBXGroup;
			children = (
				7EF009A5247DC6A100581F7A /* AppDelegate.swift */,
				7EF009A7247DC6A100581F7A /* SceneDelegate.swift */,
				7EF009D5247DED4000581F7A /* GradientView.swift */,
				C358A9802484973600AA920B /* models */,
				7EF009A9247DC6A100581F7A /* ViewController.swift */,
				C358A98324849D5900AA920B /* controllers */,
				7EF009AB247DC6A100581F7A /* Main.storyboard */,
				7ED6E9F924882A98001F0C1F /* FormViewControler.swift */,
				7E99D883247EC871007BD4E9 /* HomeViewController.swift */,
				C347F6BA24860BC900484657 /* mockdata */,
				7EF009AE247DC6A300581F7A /* Assets.xcassets */,
				7EF009B0247DC6A300581F7A /* LaunchScreen.storyboard */,
				7EF009B3247DC6A300581F7A /* Info.plist */,
			);
			path = "PG&EApp";
			sourceTree = "<group>";
		};
		7EF009BB247DC6A300581F7A /* PG&EAppTests */ = {
			isa = PBXGroup;
			children = (
				7EF009BC247DC6A300581F7A /* PG_EAppTests.swift */,
				7EF009BE247DC6A300581F7A /* Info.plist */,
			);
			path = "PG&EAppTests";
			sourceTree = "<group>";
		};
		7EF009C6247DC6A300581F7A /* PG&EAppUITests */ = {
			isa = PBXGroup;
			children = (
				7EF009C7247DC6A300581F7A /* PG_EAppUITests.swift */,
				7EF009C9247DC6A300581F7A /* Info.plist */,
			);
			path = "PG&EAppUITests";
			sourceTree = "<group>";
		};
		A3D597FD73A4F8064EBCA18A /* Frameworks */ = {
			isa = PBXGroup;
			children = (
				0E26475A0EF150FA60CC655C /* Pods_PG_EApp.framework */,
				A0B9C268A3FA6A4964039D3D /* Pods_PG_EApp_PG_EAppUITests.framework */,
				5736F33A3A1710F3D58D8A3B /* Pods_PG_EAppTests.framework */,
			);
			name = Frameworks;
			sourceTree = "<group>";
		};
		C347F6BA24860BC900484657 /* mockdata */ = {
			isa = PBXGroup;
			children = (
				C347F6BB24860BFF00484657 /* mockedRequests.json */,
			);
			path = mockdata;
			sourceTree = "<group>";
		};
		C358A9802484973600AA920B /* models */ = {
			isa = PBXGroup;
			children = (
				C358A981248497ED00AA920B /* Request.swift */,
			);
			path = models;
			sourceTree = "<group>";
		};
		C358A98324849D5900AA920B /* controllers */ = {
			isa = PBXGroup;
			children = (
				C358A98424849DBD00AA920B /* RequestTableViewCell.swift */,
				C358A9862484A27700AA920B /* RequestTableViewController.swift */,
			);
			path = controllers;
			sourceTree = "<group>";
		};
/* End PBXGroup section */

/* Begin PBXNativeTarget section */
		7EF009A1247DC6A100581F7A /* PG&EApp */ = {
			isa = PBXNativeTarget;
			buildConfigurationList = 7EF009CC247DC6A300581F7A /* Build configuration list for PBXNativeTarget "PG&EApp" */;
			buildPhases = (
				C464A96BF986A15385FE97A1 /* [CP] Check Pods Manifest.lock */,
				7EF0099E247DC6A100581F7A /* Sources */,
				7EF0099F247DC6A100581F7A /* Frameworks */,
				7EF009A0247DC6A100581F7A /* Resources */,
				6174E9D4FFCC7B7F6311A981 /* [CP] Embed Pods Frameworks */,
			);
			buildRules = (
			);
			dependencies = (
			);
			name = "PG&EApp";
			productName = "PG&EApp";
			productReference = 7EF009A2247DC6A100581F7A /* PG&EApp.app */;
			productType = "com.apple.product-type.application";
		};
		7EF009B7247DC6A300581F7A /* PG&EAppTests */ = {
			isa = PBXNativeTarget;
			buildConfigurationList = 7EF009CF247DC6A300581F7A /* Build configuration list for PBXNativeTarget "PG&EAppTests" */;
			buildPhases = (
				DC993B9CDC3388AB4AD062D6 /* [CP] Check Pods Manifest.lock */,
				7EF009B4247DC6A300581F7A /* Sources */,
				7EF009B5247DC6A300581F7A /* Frameworks */,
				7EF009B6247DC6A300581F7A /* Resources */,
			);
			buildRules = (
			);
			dependencies = (
				7EF009BA247DC6A300581F7A /* PBXTargetDependency */,
			);
			name = "PG&EAppTests";
			productName = "PG&EAppTests";
			productReference = 7EF009B8247DC6A300581F7A /* PG&EAppTests.xctest */;
			productType = "com.apple.product-type.bundle.unit-test";
		};
		7EF009C2247DC6A300581F7A /* PG&EAppUITests */ = {
			isa = PBXNativeTarget;
			buildConfigurationList = 7EF009D2247DC6A300581F7A /* Build configuration list for PBXNativeTarget "PG&EAppUITests" */;
			buildPhases = (
				5071D0F3857E5D8F86EE85BE /* [CP] Check Pods Manifest.lock */,
				7EF009BF247DC6A300581F7A /* Sources */,
				7EF009C0247DC6A300581F7A /* Frameworks */,
				7EF009C1247DC6A300581F7A /* Resources */,
				898B77F1B89115B50780443F /* [CP] Embed Pods Frameworks */,
			);
			buildRules = (
			);
			dependencies = (
				7EF009C5247DC6A300581F7A /* PBXTargetDependency */,
			);
			name = "PG&EAppUITests";
			productName = "PG&EAppUITests";
			productReference = 7EF009C3247DC6A300581F7A /* PG&EAppUITests.xctest */;
			productType = "com.apple.product-type.bundle.ui-testing";
		};
/* End PBXNativeTarget section */

/* Begin PBXProject section */
		7EF0099A247DC6A100581F7A /* Project object */ = {
			isa = PBXProject;
			attributes = {
				LastSwiftUpdateCheck = 1140;
				LastUpgradeCheck = 1140;
				ORGANIZATIONNAME = Infosys;
				TargetAttributes = {
					7EF009A1247DC6A100581F7A = {
						CreatedOnToolsVersion = 11.4.1;
					};
					7EF009B7247DC6A300581F7A = {
						CreatedOnToolsVersion = 11.4.1;
						TestTargetID = 7EF009A1247DC6A100581F7A;
					};
					7EF009C2247DC6A300581F7A = {
						CreatedOnToolsVersion = 11.4.1;
						TestTargetID = 7EF009A1247DC6A100581F7A;
					};
				};
			};
			buildConfigurationList = 7EF0099D247DC6A100581F7A /* Build configuration list for PBXProject "PG&EApp" */;
			compatibilityVersion = "Xcode 9.3";
			developmentRegion = en;
			hasScannedForEncodings = 0;
			knownRegions = (
				en,
				Base,
			);
			mainGroup = 7EF00999247DC6A100581F7A;
			productRefGroup = 7EF009A3247DC6A100581F7A /* Products */;
			projectDirPath = "";
			projectRoot = "";
			targets = (
				7EF009A1247DC6A100581F7A /* PG&EApp */,
				7EF009B7247DC6A300581F7A /* PG&EAppTests */,
				7EF009C2247DC6A300581F7A /* PG&EAppUITests */,
			);
		};
/* End PBXProject section */

/* Begin PBXResourcesBuildPhase section */
		7EF009A0247DC6A100581F7A /* Resources */ = {
			isa = PBXResourcesBuildPhase;
			buildActionMask = 2147483647;
			files = (
				7EF009B2247DC6A300581F7A /* LaunchScreen.storyboard in Resources */,
				7EF009AF247DC6A300581F7A /* Assets.xcassets in Resources */,
				C347F6BC24860BFF00484657 /* mockedRequests.json in Resources */,
				7EF009AD247DC6A100581F7A /* Main.storyboard in Resources */,
			);
			runOnlyForDeploymentPostprocessing = 0;
		};
		7EF009B6247DC6A300581F7A /* Resources */ = {
			isa = PBXResourcesBuildPhase;
			buildActionMask = 2147483647;
			files = (
			);
			runOnlyForDeploymentPostprocessing = 0;
		};
		7EF009C1247DC6A300581F7A /* Resources */ = {
			isa = PBXResourcesBuildPhase;
			buildActionMask = 2147483647;
			files = (
			);
			runOnlyForDeploymentPostprocessing = 0;
		};
/* End PBXResourcesBuildPhase section */

/* Begin PBXShellScriptBuildPhase section */
		5071D0F3857E5D8F86EE85BE /* [CP] Check Pods Manifest.lock */ = {
			isa = PBXShellScriptBuildPhase;
			buildActionMask = 2147483647;
			files = (
			);
			inputFileListPaths = (
			);
			inputPaths = (
				"${PODS_PODFILE_DIR_PATH}/Podfile.lock",
				"${PODS_ROOT}/Manifest.lock",
			);
			name = "[CP] Check Pods Manifest.lock";
			outputFileListPaths = (
			);
			outputPaths = (
				"$(DERIVED_FILE_DIR)/Pods-PG&EApp-PG&EAppUITests-checkManifestLockResult.txt",
			);
			runOnlyForDeploymentPostprocessing = 0;
			shellPath = /bin/sh;
			shellScript = "diff \"${PODS_PODFILE_DIR_PATH}/Podfile.lock\" \"${PODS_ROOT}/Manifest.lock\" > /dev/null\nif [ $? != 0 ] ; then\n    # print error to STDERR\n    echo \"error: The sandbox is not in sync with the Podfile.lock. Run 'pod install' or update your CocoaPods installation.\" >&2\n    exit 1\nfi\n# This output is used by Xcode 'outputs' to avoid re-running this script phase.\necho \"SUCCESS\" > \"${SCRIPT_OUTPUT_FILE_0}\"\n";
			showEnvVarsInLog = 0;
		};
		6174E9D4FFCC7B7F6311A981 /* [CP] Embed Pods Frameworks */ = {
			isa = PBXShellScriptBuildPhase;
			buildActionMask = 2147483647;
			files = (
			);
			inputFileListPaths = (
				"${PODS_ROOT}/Target Support Files/Pods-PG&EApp/Pods-PG&EApp-frameworks-${CONFIGURATION}-input-files.xcfilelist",
			);
			name = "[CP] Embed Pods Frameworks";
			outputFileListPaths = (
				"${PODS_ROOT}/Target Support Files/Pods-PG&EApp/Pods-PG&EApp-frameworks-${CONFIGURATION}-output-files.xcfilelist",
			);
			runOnlyForDeploymentPostprocessing = 0;
			shellPath = /bin/sh;
			shellScript = "\"${PODS_ROOT}/Target Support Files/Pods-PG&EApp/Pods-PG&EApp-frameworks.sh\"\n";
			showEnvVarsInLog = 0;
		};
		898B77F1B89115B50780443F /* [CP] Embed Pods Frameworks */ = {
			isa = PBXShellScriptBuildPhase;
			buildActionMask = 2147483647;
			files = (
			);
			inputFileListPaths = (
				"${PODS_ROOT}/Target Support Files/Pods-PG&EApp-PG&EAppUITests/Pods-PG&EApp-PG&EAppUITests-frameworks-${CONFIGURATION}-input-files.xcfilelist",
			);
			name = "[CP] Embed Pods Frameworks";
			outputFileListPaths = (
				"${PODS_ROOT}/Target Support Files/Pods-PG&EApp-PG&EAppUITests/Pods-PG&EApp-PG&EAppUITests-frameworks-${CONFIGURATION}-output-files.xcfilelist",
			);
			runOnlyForDeploymentPostprocessing = 0;
			shellPath = /bin/sh;
			shellScript = "\"${PODS_ROOT}/Target Support Files/Pods-PG&EApp-PG&EAppUITests/Pods-PG&EApp-PG&EAppUITests-frameworks.sh\"\n";
			showEnvVarsInLog = 0;
		};
		C464A96BF986A15385FE97A1 /* [CP] Check Pods Manifest.lock */ = {
			isa = PBXShellScriptBuildPhase;
			buildActionMask = 2147483647;
			files = (
			);
			inputFileListPaths = (
			);
			inputPaths = (
				"${PODS_PODFILE_DIR_PATH}/Podfile.lock",
				"${PODS_ROOT}/Manifest.lock",
			);
			name = "[CP] Check Pods Manifest.lock";
			outputFileListPaths = (
			);
			outputPaths = (
				"$(DERIVED_FILE_DIR)/Pods-PG&EApp-checkManifestLockResult.txt",
			);
			runOnlyForDeploymentPostprocessing = 0;
			shellPath = /bin/sh;
			shellScript = "diff \"${PODS_PODFILE_DIR_PATH}/Podfile.lock\" \"${PODS_ROOT}/Manifest.lock\" > /dev/null\nif [ $? != 0 ] ; then\n    # print error to STDERR\n    echo \"error: The sandbox is not in sync with the Podfile.lock. Run 'pod install' or update your CocoaPods installation.\" >&2\n    exit 1\nfi\n# This output is used by Xcode 'outputs' to avoid re-running this script phase.\necho \"SUCCESS\" > \"${SCRIPT_OUTPUT_FILE_0}\"\n";
			showEnvVarsInLog = 0;
		};
		DC993B9CDC3388AB4AD062D6 /* [CP] Check Pods Manifest.lock */ = {
			isa = PBXShellScriptBuildPhase;
			buildActionMask = 2147483647;
			files = (
			);
			inputFileListPaths = (
			);
			inputPaths = (
				"${PODS_PODFILE_DIR_PATH}/Podfile.lock",
				"${PODS_ROOT}/Manifest.lock",
			);
			name = "[CP] Check Pods Manifest.lock";
			outputFileListPaths = (
			);
			outputPaths = (
				"$(DERIVED_FILE_DIR)/Pods-PG&EAppTests-checkManifestLockResult.txt",
			);
			runOnlyForDeploymentPostprocessing = 0;
			shellPath = /bin/sh;
			shellScript = "diff \"${PODS_PODFILE_DIR_PATH}/Podfile.lock\" \"${PODS_ROOT}/Manifest.lock\" > /dev/null\nif [ $? != 0 ] ; then\n    # print error to STDERR\n    echo \"error: The sandbox is not in sync with the Podfile.lock. Run 'pod install' or update your CocoaPods installation.\" >&2\n    exit 1\nfi\n# This output is used by Xcode 'outputs' to avoid re-running this script phase.\necho \"SUCCESS\" > \"${SCRIPT_OUTPUT_FILE_0}\"\n";
			showEnvVarsInLog = 0;
		};
/* End PBXShellScriptBuildPhase section */

/* Begin PBXSourcesBuildPhase section */
		7EF0099E247DC6A100581F7A /* Sources */ = {
			isa = PBXSourcesBuildPhase;
			buildActionMask = 2147483647;
			files = (
				7E99D884247EC871007BD4E9 /* HomeViewController.swift in Sources */,
				C358A98524849DBD00AA920B /* RequestTableViewCell.swift in Sources */,
				C358A982248497ED00AA920B /* Request.swift in Sources */,
				7EF009AA247DC6A100581F7A /* ViewController.swift in Sources */,
				7EF009A6247DC6A100581F7A /* AppDelegate.swift in Sources */,
				7EF009D6247DED4000581F7A /* GradientView.swift in Sources */,
				C358A9872484A27700AA920B /* RequestTableViewController.swift in Sources */,
				7EF009A8247DC6A100581F7A /* SceneDelegate.swift in Sources */,
				7ED6E9FA24882A98001F0C1F /* FormViewControler.swift in Sources */,
			);
			runOnlyForDeploymentPostprocessing = 0;
		};
		7EF009B4247DC6A300581F7A /* Sources */ = {
			isa = PBXSourcesBuildPhase;
			buildActionMask = 2147483647;
			files = (
				7EF009BD247DC6A300581F7A /* PG_EAppTests.swift in Sources */,
			);
			runOnlyForDeploymentPostprocessing = 0;
		};
		7EF009BF247DC6A300581F7A /* Sources */ = {
			isa = PBXSourcesBuildPhase;
			buildActionMask = 2147483647;
			files = (
				7EF009C8247DC6A300581F7A /* PG_EAppUITests.swift in Sources */,
			);
			runOnlyForDeploymentPostprocessing = 0;
		};
/* End PBXSourcesBuildPhase section */

/* Begin PBXTargetDependency section */
		7EF009BA247DC6A300581F7A /* PBXTargetDependency */ = {
			isa = PBXTargetDependency;
			target = 7EF009A1247DC6A100581F7A /* PG&EApp */;
			targetProxy = 7EF009B9247DC6A300581F7A /* PBXContainerItemProxy */;
		};
		7EF009C5247DC6A300581F7A /* PBXTargetDependency */ = {
			isa = PBXTargetDependency;
			target = 7EF009A1247DC6A100581F7A /* PG&EApp */;
			targetProxy = 7EF009C4247DC6A300581F7A /* PBXContainerItemProxy */;
		};
/* End PBXTargetDependency section */

/* Begin PBXVariantGroup section */
		7EF009AB247DC6A100581F7A /* Main.storyboard */ = {
			isa = PBXVariantGroup;
			children = (
				7EF009AC247DC6A100581F7A /* Base */,
			);
			name = Main.storyboard;
			sourceTree = "<group>";
		};
		7EF009B0247DC6A300581F7A /* LaunchScreen.storyboard */ = {
			isa = PBXVariantGroup;
			children = (
				7EF009B1247DC6A300581F7A /* Base */,
			);
			name = LaunchScreen.storyboard;
			sourceTree = "<group>";
		};
/* End PBXVariantGroup section */

/* Begin XCBuildConfiguration section */
		7EF009CA247DC6A300581F7A /* Debug */ = {
			isa = XCBuildConfiguration;
			buildSettings = {
				ALWAYS_SEARCH_USER_PATHS = NO;
				CLANG_ANALYZER_NONNULL = YES;
				CLANG_ANALYZER_NUMBER_OBJECT_CONVERSION = YES_AGGRESSIVE;
				CLANG_CXX_LANGUAGE_STANDARD = "gnu++14";
				CLANG_CXX_LIBRARY = "libc++";
				CLANG_ENABLE_MODULES = YES;
				CLANG_ENABLE_OBJC_ARC = YES;
				CLANG_ENABLE_OBJC_WEAK = YES;
				CLANG_WARN_BLOCK_CAPTURE_AUTORELEASING = YES;
				CLANG_WARN_BOOL_CONVERSION = YES;
				CLANG_WARN_COMMA = YES;
				CLANG_WARN_CONSTANT_CONVERSION = YES;
				CLANG_WARN_DEPRECATED_OBJC_IMPLEMENTATIONS = YES;
				CLANG_WARN_DIRECT_OBJC_ISA_USAGE = YES_ERROR;
				CLANG_WARN_DOCUMENTATION_COMMENTS = YES;
				CLANG_WARN_EMPTY_BODY = YES;
				CLANG_WARN_ENUM_CONVERSION = YES;
				CLANG_WARN_INFINITE_RECURSION = YES;
				CLANG_WARN_INT_CONVERSION = YES;
				CLANG_WARN_NON_LITERAL_NULL_CONVERSION = YES;
				CLANG_WARN_OBJC_IMPLICIT_RETAIN_SELF = YES;
				CLANG_WARN_OBJC_LITERAL_CONVERSION = YES;
				CLANG_WARN_OBJC_ROOT_CLASS = YES_ERROR;
				CLANG_WARN_RANGE_LOOP_ANALYSIS = YES;
				CLANG_WARN_STRICT_PROTOTYPES = YES;
				CLANG_WARN_SUSPICIOUS_MOVE = YES;
				CLANG_WARN_UNGUARDED_AVAILABILITY = YES_AGGRESSIVE;
				CLANG_WARN_UNREACHABLE_CODE = YES;
				CLANG_WARN__DUPLICATE_METHOD_MATCH = YES;
				COPY_PHASE_STRIP = NO;
				DEBUG_INFORMATION_FORMAT = dwarf;
				ENABLE_STRICT_OBJC_MSGSEND = YES;
				ENABLE_TESTABILITY = YES;
				GCC_C_LANGUAGE_STANDARD = gnu11;
				GCC_DYNAMIC_NO_PIC = NO;
				GCC_NO_COMMON_BLOCKS = YES;
				GCC_OPTIMIZATION_LEVEL = 0;
				GCC_PREPROCESSOR_DEFINITIONS = (
					"DEBUG=1",
					"$(inherited)",
				);
				GCC_WARN_64_TO_32_BIT_CONVERSION = YES;
				GCC_WARN_ABOUT_RETURN_TYPE = YES_ERROR;
				GCC_WARN_UNDECLARED_SELECTOR = YES;
				GCC_WARN_UNINITIALIZED_AUTOS = YES_AGGRESSIVE;
				GCC_WARN_UNUSED_FUNCTION = YES;
				GCC_WARN_UNUSED_VARIABLE = YES;
				IPHONEOS_DEPLOYMENT_TARGET = 13.4;
				MTL_ENABLE_DEBUG_INFO = INCLUDE_SOURCE;
				MTL_FAST_MATH = YES;
				ONLY_ACTIVE_ARCH = YES;
				SDKROOT = iphoneos;
				SWIFT_ACTIVE_COMPILATION_CONDITIONS = DEBUG;
				SWIFT_OPTIMIZATION_LEVEL = "-Onone";
			};
			name = Debug;
		};
		7EF009CB247DC6A300581F7A /* Release */ = {
			isa = XCBuildConfiguration;
			buildSettings = {
				ALWAYS_SEARCH_USER_PATHS = NO;
				CLANG_ANALYZER_NONNULL = YES;
				CLANG_ANALYZER_NUMBER_OBJECT_CONVERSION = YES_AGGRESSIVE;
				CLANG_CXX_LANGUAGE_STANDARD = "gnu++14";
				CLANG_CXX_LIBRARY = "libc++";
				CLANG_ENABLE_MODULES = YES;
				CLANG_ENABLE_OBJC_ARC = YES;
				CLANG_ENABLE_OBJC_WEAK = YES;
				CLANG_WARN_BLOCK_CAPTURE_AUTORELEASING = YES;
				CLANG_WARN_BOOL_CONVERSION = YES;
				CLANG_WARN_COMMA = YES;
				CLANG_WARN_CONSTANT_CONVERSION = YES;
				CLANG_WARN_DEPRECATED_OBJC_IMPLEMENTATIONS = YES;
				CLANG_WARN_DIRECT_OBJC_ISA_USAGE = YES_ERROR;
				CLANG_WARN_DOCUMENTATION_COMMENTS = YES;
				CLANG_WARN_EMPTY_BODY = YES;
				CLANG_WARN_ENUM_CONVERSION = YES;
				CLANG_WARN_INFINITE_RECURSION = YES;
				CLANG_WARN_INT_CONVERSION = YES;
				CLANG_WARN_NON_LITERAL_NULL_CONVERSION = YES;
				CLANG_WARN_OBJC_IMPLICIT_RETAIN_SELF = YES;
				CLANG_WARN_OBJC_LITERAL_CONVERSION = YES;
				CLANG_WARN_OBJC_ROOT_CLASS = YES_ERROR;
				CLANG_WARN_RANGE_LOOP_ANALYSIS = YES;
				CLANG_WARN_STRICT_PROTOTYPES = YES;
				CLANG_WARN_SUSPICIOUS_MOVE = YES;
				CLANG_WARN_UNGUARDED_AVAILABILITY = YES_AGGRESSIVE;
				CLANG_WARN_UNREACHABLE_CODE = YES;
				CLANG_WARN__DUPLICATE_METHOD_MATCH = YES;
				COPY_PHASE_STRIP = NO;
				DEBUG_INFORMATION_FORMAT = "dwarf-with-dsym";
				ENABLE_NS_ASSERTIONS = NO;
				ENABLE_STRICT_OBJC_MSGSEND = YES;
				GCC_C_LANGUAGE_STANDARD = gnu11;
				GCC_NO_COMMON_BLOCKS = YES;
				GCC_WARN_64_TO_32_BIT_CONVERSION = YES;
				GCC_WARN_ABOUT_RETURN_TYPE = YES_ERROR;
				GCC_WARN_UNDECLARED_SELECTOR = YES;
				GCC_WARN_UNINITIALIZED_AUTOS = YES_AGGRESSIVE;
				GCC_WARN_UNUSED_FUNCTION = YES;
				GCC_WARN_UNUSED_VARIABLE = YES;
				IPHONEOS_DEPLOYMENT_TARGET = 13.4;
				MTL_ENABLE_DEBUG_INFO = NO;
				MTL_FAST_MATH = YES;
				SDKROOT = iphoneos;
				SWIFT_COMPILATION_MODE = wholemodule;
				SWIFT_OPTIMIZATION_LEVEL = "-O";
				VALIDATE_PRODUCT = YES;
			};
			name = Release;
		};
		7EF009CD247DC6A300581F7A /* Debug */ = {
			isa = XCBuildConfiguration;
			baseConfigurationReference = 58D9FD5CCCBC5ECD2B586E97 /* Pods-PG&EApp.debug.xcconfig */;
			buildSettings = {
				ASSETCATALOG_COMPILER_APPICON_NAME = AppIcon;
				CODE_SIGN_STYLE = Automatic;
				INFOPLIST_FILE = "PG&EApp/Info.plist";
				LD_RUNPATH_SEARCH_PATHS = (
					"$(inherited)",
					"@executable_path/Frameworks",
				);
				PRODUCT_BUNDLE_IDENTIFIER = "Infosys.PG-EApp";
				PRODUCT_NAME = "$(TARGET_NAME)";
				SWIFT_VERSION = 5.0;
				TARGETED_DEVICE_FAMILY = "1,2";
			};
			name = Debug;
		};
		7EF009CE247DC6A300581F7A /* Release */ = {
			isa = XCBuildConfiguration;
			baseConfigurationReference = E71D7AA17D8618C6D4C9871A /* Pods-PG&EApp.release.xcconfig */;
			buildSettings = {
				ASSETCATALOG_COMPILER_APPICON_NAME = AppIcon;
				CODE_SIGN_STYLE = Automatic;
				INFOPLIST_FILE = "PG&EApp/Info.plist";
				LD_RUNPATH_SEARCH_PATHS = (
					"$(inherited)",
					"@executable_path/Frameworks",
				);
				PRODUCT_BUNDLE_IDENTIFIER = "Infosys.PG-EApp";
				PRODUCT_NAME = "$(TARGET_NAME)";
				SWIFT_VERSION = 5.0;
				TARGETED_DEVICE_FAMILY = "1,2";
			};
			name = Release;
		};
		7EF009D0247DC6A300581F7A /* Debug */ = {
			isa = XCBuildConfiguration;
			baseConfigurationReference = 7C0B4FF5CD5DE494E53D9E27 /* Pods-PG&EAppTests.debug.xcconfig */;
			buildSettings = {
				ALWAYS_EMBED_SWIFT_STANDARD_LIBRARIES = YES;
				BUNDLE_LOADER = "$(TEST_HOST)";
				CODE_SIGN_STYLE = Automatic;
				INFOPLIST_FILE = "PG&EAppTests/Info.plist";
				IPHONEOS_DEPLOYMENT_TARGET = 13.4;
				LD_RUNPATH_SEARCH_PATHS = (
					"$(inherited)",
					"@executable_path/Frameworks",
					"@loader_path/Frameworks",
				);
				PRODUCT_BUNDLE_IDENTIFIER = "Infosys.PG-EAppTests";
				PRODUCT_NAME = "$(TARGET_NAME)";
				SWIFT_VERSION = 5.0;
				TARGETED_DEVICE_FAMILY = "1,2";
				TEST_HOST = "$(BUILT_PRODUCTS_DIR)/PG&EApp.app/PG&EApp";
			};
			name = Debug;
		};
		7EF009D1247DC6A300581F7A /* Release */ = {
			isa = XCBuildConfiguration;
			baseConfigurationReference = 84E7F47592209B4ADAC02055 /* Pods-PG&EAppTests.release.xcconfig */;
			buildSettings = {
				ALWAYS_EMBED_SWIFT_STANDARD_LIBRARIES = YES;
				BUNDLE_LOADER = "$(TEST_HOST)";
				CODE_SIGN_STYLE = Automatic;
				INFOPLIST_FILE = "PG&EAppTests/Info.plist";
				IPHONEOS_DEPLOYMENT_TARGET = 13.4;
				LD_RUNPATH_SEARCH_PATHS = (
					"$(inherited)",
					"@executable_path/Frameworks",
					"@loader_path/Frameworks",
				);
				PRODUCT_BUNDLE_IDENTIFIER = "Infosys.PG-EAppTests";
				PRODUCT_NAME = "$(TARGET_NAME)";
				SWIFT_VERSION = 5.0;
				TARGETED_DEVICE_FAMILY = "1,2";
				TEST_HOST = "$(BUILT_PRODUCTS_DIR)/PG&EApp.app/PG&EApp";
			};
			name = Release;
		};
		7EF009D3247DC6A300581F7A /* Debug */ = {
			isa = XCBuildConfiguration;
			baseConfigurationReference = C0D743285D1FA13FF1B9DC1C /* Pods-PG&EApp-PG&EAppUITests.debug.xcconfig */;
			buildSettings = {
				ALWAYS_EMBED_SWIFT_STANDARD_LIBRARIES = YES;
				CODE_SIGN_STYLE = Automatic;
				INFOPLIST_FILE = "PG&EAppUITests/Info.plist";
				LD_RUNPATH_SEARCH_PATHS = (
					"$(inherited)",
					"@executable_path/Frameworks",
					"@loader_path/Frameworks",
				);
				PRODUCT_BUNDLE_IDENTIFIER = "Infosys.PG-EAppUITests";
				PRODUCT_NAME = "$(TARGET_NAME)";
				SWIFT_VERSION = 5.0;
				TARGETED_DEVICE_FAMILY = "1,2";
				TEST_TARGET_NAME = "PG&EApp";
			};
			name = Debug;
		};
		7EF009D4247DC6A300581F7A /* Release */ = {
			isa = XCBuildConfiguration;
			baseConfigurationReference = 370089A0604659D300D5C22D /* Pods-PG&EApp-PG&EAppUITests.release.xcconfig */;
			buildSettings = {
				ALWAYS_EMBED_SWIFT_STANDARD_LIBRARIES = YES;
				CODE_SIGN_STYLE = Automatic;
				INFOPLIST_FILE = "PG&EAppUITests/Info.plist";
				LD_RUNPATH_SEARCH_PATHS = (
					"$(inherited)",
					"@executable_path/Frameworks",
					"@loader_path/Frameworks",
				);
				PRODUCT_BUNDLE_IDENTIFIER = "Infosys.PG-EAppUITests";
				PRODUCT_NAME = "$(TARGET_NAME)";
				SWIFT_VERSION = 5.0;
				TARGETED_DEVICE_FAMILY = "1,2";
				TEST_TARGET_NAME = "PG&EApp";
			};
			name = Release;
		};
/* End XCBuildConfiguration section */

/* Begin XCConfigurationList section */
		7EF0099D247DC6A100581F7A /* Build configuration list for PBXProject "PG&EApp" */ = {
			isa = XCConfigurationList;
			buildConfigurations = (
				7EF009CA247DC6A300581F7A /* Debug */,
				7EF009CB247DC6A300581F7A /* Release */,
			);
			defaultConfigurationIsVisible = 0;
			defaultConfigurationName = Release;
		};
		7EF009CC247DC6A300581F7A /* Build configuration list for PBXNativeTarget "PG&EApp" */ = {
			isa = XCConfigurationList;
			buildConfigurations = (
				7EF009CD247DC6A300581F7A /* Debug */,
				7EF009CE247DC6A300581F7A /* Release */,
			);
			defaultConfigurationIsVisible = 0;
			defaultConfigurationName = Release;
		};
		7EF009CF247DC6A300581F7A /* Build configuration list for PBXNativeTarget "PG&EAppTests" */ = {
			isa = XCConfigurationList;
			buildConfigurations = (
				7EF009D0247DC6A300581F7A /* Debug */,
				7EF009D1247DC6A300581F7A /* Release */,
			);
			defaultConfigurationIsVisible = 0;
			defaultConfigurationName = Release;
		};
		7EF009D2247DC6A300581F7A /* Build configuration list for PBXNativeTarget "PG&EAppUITests" */ = {
			isa = XCConfigurationList;
			buildConfigurations = (
				7EF009D3247DC6A300581F7A /* Debug */,
				7EF009D4247DC6A300581F7A /* Release */,
			);
			defaultConfigurationIsVisible = 0;
			defaultConfigurationName = Release;
		};
/* End XCConfigurationList section */
	};
	rootObject = 7EF0099A247DC6A100581F7A /* Project object */;
}
